lockfileVersion: '6.0'

settings:
  autoInstallPeers: true
  excludeLinksFromLockfile: false

importers:

  .:
    dependencies:
      '@latticexyz/schema-type':
        specifier: 2.0.0-next.4
        version: 2.0.0-next.4(zod@3.22.2)
      '@latticexyz/store':
        specifier: 2.0.0-next.4
        version: 2.0.0-next.4
      '@latticexyz/world':
        specifier: 2.0.0-next.4
        version: 2.0.0-next.4

  lib/forge-std: {}

  lib/forge-std/lib/ds-test: {}

packages:

  /@adraffy/ens-normalize@1.9.0:
    resolution: {integrity: sha512-iowxq3U30sghZotgl4s/oJRci6WPBfNO5YYgk2cIOMCHr3LeGPcsZjCEr+33Q4N+oV3OABDAtA+pyvWjbvBifQ==}
    dev: false

  /@esbuild/android-arm64@0.17.19:
    resolution: {integrity: sha512-KBMWvEZooR7+kzY0BtbTQn0OAYY7CsiydT63pVEaPtVYF0hXbUaOyZog37DKxK7NF3XacBJOpYT4adIJh+avxA==}
    engines: {node: '>=12'}
    cpu: [arm64]
    os: [android]
    requiresBuild: true
    dev: false
    optional: true

  /@esbuild/android-arm@0.17.19:
    resolution: {integrity: sha512-rIKddzqhmav7MSmoFCmDIb6e2W57geRsM94gV2l38fzhXMwq7hZoClug9USI2pFRGL06f4IOPHHpFNOkWieR8A==}
    engines: {node: '>=12'}
    cpu: [arm]
    os: [android]
    requiresBuild: true
    dev: false
    optional: true

  /@esbuild/android-x64@0.17.19:
    resolution: {integrity: sha512-uUTTc4xGNDT7YSArp/zbtmbhO0uEEK9/ETW29Wk1thYUJBz3IVnvgEiEwEa9IeLyvnpKrWK64Utw2bgUmDveww==}
    engines: {node: '>=12'}
    cpu: [x64]
    os: [android]
    requiresBuild: true
    dev: false
    optional: true

  /@esbuild/darwin-arm64@0.17.19:
    resolution: {integrity: sha512-80wEoCfF/hFKM6WE1FyBHc9SfUblloAWx6FJkFWTWiCoht9Mc0ARGEM47e67W9rI09YoUxJL68WHfDRYEAvOhg==}
    engines: {node: '>=12'}
    cpu: [arm64]
    os: [darwin]
    requiresBuild: true
    dev: false
    optional: true

  /@esbuild/darwin-x64@0.17.19:
    resolution: {integrity: sha512-IJM4JJsLhRYr9xdtLytPLSH9k/oxR3boaUIYiHkAawtwNOXKE8KoU8tMvryogdcT8AU+Bflmh81Xn6Q0vTZbQw==}
    engines: {node: '>=12'}
    cpu: [x64]
    os: [darwin]
    requiresBuild: true
    dev: false
    optional: true

  /@esbuild/freebsd-arm64@0.17.19:
    resolution: {integrity: sha512-pBwbc7DufluUeGdjSU5Si+P3SoMF5DQ/F/UmTSb8HXO80ZEAJmrykPyzo1IfNbAoaqw48YRpv8shwd1NoI0jcQ==}
    engines: {node: '>=12'}
    cpu: [arm64]
    os: [freebsd]
    requiresBuild: true
    dev: false
    optional: true

  /@esbuild/freebsd-x64@0.17.19:
    resolution: {integrity: sha512-4lu+n8Wk0XlajEhbEffdy2xy53dpR06SlzvhGByyg36qJw6Kpfk7cp45DR/62aPH9mtJRmIyrXAS5UWBrJT6TQ==}
    engines: {node: '>=12'}
    cpu: [x64]
    os: [freebsd]
    requiresBuild: true
    dev: false
    optional: true

  /@esbuild/linux-arm64@0.17.19:
    resolution: {integrity: sha512-ct1Tg3WGwd3P+oZYqic+YZF4snNl2bsnMKRkb3ozHmnM0dGWuxcPTTntAF6bOP0Sp4x0PjSF+4uHQ1xvxfRKqg==}
    engines: {node: '>=12'}
    cpu: [arm64]
    os: [linux]
    requiresBuild: true
    dev: false
    optional: true

  /@esbuild/linux-arm@0.17.19:
    resolution: {integrity: sha512-cdmT3KxjlOQ/gZ2cjfrQOtmhG4HJs6hhvm3mWSRDPtZ/lP5oe8FWceS10JaSJC13GBd4eH/haHnqf7hhGNLerA==}
    engines: {node: '>=12'}
    cpu: [arm]
    os: [linux]
    requiresBuild: true
    dev: false
    optional: true

  /@esbuild/linux-ia32@0.17.19:
    resolution: {integrity: sha512-w4IRhSy1VbsNxHRQpeGCHEmibqdTUx61Vc38APcsRbuVgK0OPEnQ0YD39Brymn96mOx48Y2laBQGqgZ0j9w6SQ==}
    engines: {node: '>=12'}
    cpu: [ia32]
    os: [linux]
    requiresBuild: true
    dev: false
    optional: true

  /@esbuild/linux-loong64@0.17.19:
    resolution: {integrity: sha512-2iAngUbBPMq439a+z//gE+9WBldoMp1s5GWsUSgqHLzLJ9WoZLZhpwWuym0u0u/4XmZ3gpHmzV84PonE+9IIdQ==}
    engines: {node: '>=12'}
    cpu: [loong64]
    os: [linux]
    requiresBuild: true
    dev: false
    optional: true

  /@esbuild/linux-mips64el@0.17.19:
    resolution: {integrity: sha512-LKJltc4LVdMKHsrFe4MGNPp0hqDFA1Wpt3jE1gEyM3nKUvOiO//9PheZZHfYRfYl6AwdTH4aTcXSqBerX0ml4A==}
    engines: {node: '>=12'}
    cpu: [mips64el]
    os: [linux]
    requiresBuild: true
    dev: false
    optional: true

  /@esbuild/linux-ppc64@0.17.19:
    resolution: {integrity: sha512-/c/DGybs95WXNS8y3Ti/ytqETiW7EU44MEKuCAcpPto3YjQbyK3IQVKfF6nbghD7EcLUGl0NbiL5Rt5DMhn5tg==}
    engines: {node: '>=12'}
    cpu: [ppc64]
    os: [linux]
    requiresBuild: true
    dev: false
    optional: true

  /@esbuild/linux-riscv64@0.17.19:
    resolution: {integrity: sha512-FC3nUAWhvFoutlhAkgHf8f5HwFWUL6bYdvLc/TTuxKlvLi3+pPzdZiFKSWz/PF30TB1K19SuCxDTI5KcqASJqA==}
    engines: {node: '>=12'}
    cpu: [riscv64]
    os: [linux]
    requiresBuild: true
    dev: false
    optional: true

  /@esbuild/linux-s390x@0.17.19:
    resolution: {integrity: sha512-IbFsFbxMWLuKEbH+7sTkKzL6NJmG2vRyy6K7JJo55w+8xDk7RElYn6xvXtDW8HCfoKBFK69f3pgBJSUSQPr+4Q==}
    engines: {node: '>=12'}
    cpu: [s390x]
    os: [linux]
    requiresBuild: true
    dev: false
    optional: true

  /@esbuild/linux-x64@0.17.19:
    resolution: {integrity: sha512-68ngA9lg2H6zkZcyp22tsVt38mlhWde8l3eJLWkyLrp4HwMUr3c1s/M2t7+kHIhvMjglIBrFpncX1SzMckomGw==}
    engines: {node: '>=12'}
    cpu: [x64]
    os: [linux]
    requiresBuild: true
    dev: false
    optional: true

  /@esbuild/netbsd-x64@0.17.19:
    resolution: {integrity: sha512-CwFq42rXCR8TYIjIfpXCbRX0rp1jo6cPIUPSaWwzbVI4aOfX96OXY8M6KNmtPcg7QjYeDmN+DD0Wp3LaBOLf4Q==}
    engines: {node: '>=12'}
    cpu: [x64]
    os: [netbsd]
    requiresBuild: true
    dev: false
    optional: true

  /@esbuild/openbsd-x64@0.17.19:
    resolution: {integrity: sha512-cnq5brJYrSZ2CF6c35eCmviIN3k3RczmHz8eYaVlNasVqsNY+JKohZU5MKmaOI+KkllCdzOKKdPs762VCPC20g==}
    engines: {node: '>=12'}
    cpu: [x64]
    os: [openbsd]
    requiresBuild: true
    dev: false
    optional: true

  /@esbuild/sunos-x64@0.17.19:
    resolution: {integrity: sha512-vCRT7yP3zX+bKWFeP/zdS6SqdWB8OIpaRq/mbXQxTGHnIxspRtigpkUcDMlSCOejlHowLqII7K2JKevwyRP2rg==}
    engines: {node: '>=12'}
    cpu: [x64]
    os: [sunos]
    requiresBuild: true
    dev: false
    optional: true

  /@esbuild/win32-arm64@0.17.19:
    resolution: {integrity: sha512-yYx+8jwowUstVdorcMdNlzklLYhPxjniHWFKgRqH7IFlUEa0Umu3KuYplf1HUZZ422e3NU9F4LGb+4O0Kdcaag==}
    engines: {node: '>=12'}
    cpu: [arm64]
    os: [win32]
    requiresBuild: true
    dev: false
    optional: true

  /@esbuild/win32-ia32@0.17.19:
    resolution: {integrity: sha512-eggDKanJszUtCdlVs0RB+h35wNlb5v4TWEkq4vZcmVt5u/HiDZrTXe2bWFQUez3RgNHwx/x4sk5++4NSSicKkw==}
    engines: {node: '>=12'}
    cpu: [ia32]
    os: [win32]
    requiresBuild: true
    dev: false
    optional: true

  /@esbuild/win32-x64@0.17.19:
    resolution: {integrity: sha512-lAhycmKnVOuRYNtRtatQR1LPQf2oYCkRGkSFnseDAKPl8lu5SOsK/e1sXe5a0Pc5kHIHe6P2I/ilntNv2xf3cA==}
    engines: {node: '>=12'}
    cpu: [x64]
    os: [win32]
    requiresBuild: true
    dev: false
    optional: true

  /@ethersproject/abi@5.7.0:
    resolution: {integrity: sha512-351ktp42TiRcYB3H1OP8yajPeAQstMW/yCFokj/AthP9bLHzQFPlOrxOcwYEDkUAICmOHljvN4K39OMTMUa9RA==}
    dependencies:
      '@ethersproject/address': 5.7.0
      '@ethersproject/bignumber': 5.7.0
      '@ethersproject/bytes': 5.7.0
      '@ethersproject/constants': 5.7.0
      '@ethersproject/hash': 5.7.0
      '@ethersproject/keccak256': 5.7.0
      '@ethersproject/logger': 5.7.0
      '@ethersproject/properties': 5.7.0
      '@ethersproject/strings': 5.7.0
    dev: false

  /@ethersproject/abstract-provider@5.7.0:
    resolution: {integrity: sha512-R41c9UkchKCpAqStMYUpdunjo3pkEvZC3FAwZn5S5MGbXoMQOHIdHItezTETxAO5bevtMApSyEhn9+CHcDsWBw==}
    dependencies:
      '@ethersproject/bignumber': 5.7.0
      '@ethersproject/bytes': 5.7.0
      '@ethersproject/logger': 5.7.0
      '@ethersproject/networks': 5.7.1
      '@ethersproject/properties': 5.7.0
      '@ethersproject/transactions': 5.7.0
      '@ethersproject/web': 5.7.1
    dev: false

  /@ethersproject/abstract-signer@5.7.0:
    resolution: {integrity: sha512-a16V8bq1/Cz+TGCkE2OPMTOUDLS3grCpdjoJCYNnVBbdYEMSgKrU0+B90s8b6H+ByYTBZN7a3g76jdIJi7UfKQ==}
    dependencies:
      '@ethersproject/abstract-provider': 5.7.0
      '@ethersproject/bignumber': 5.7.0
      '@ethersproject/bytes': 5.7.0
      '@ethersproject/logger': 5.7.0
      '@ethersproject/properties': 5.7.0
    dev: false

  /@ethersproject/address@5.7.0:
    resolution: {integrity: sha512-9wYhYt7aghVGo758POM5nqcOMaE168Q6aRLJZwUmiqSrAungkG74gSSeKEIR7ukixesdRZGPgVqme6vmxs1fkA==}
    dependencies:
      '@ethersproject/bignumber': 5.7.0
      '@ethersproject/bytes': 5.7.0
      '@ethersproject/keccak256': 5.7.0
      '@ethersproject/logger': 5.7.0
      '@ethersproject/rlp': 5.7.0
    dev: false

  /@ethersproject/base64@5.7.0:
    resolution: {integrity: sha512-Dr8tcHt2mEbsZr/mwTPIQAf3Ai0Bks/7gTw9dSqk1mQvhW3XvRlmDJr/4n+wg1JmCl16NZue17CDh8xb/vZ0sQ==}
    dependencies:
      '@ethersproject/bytes': 5.7.0
    dev: false

  /@ethersproject/basex@5.7.0:
    resolution: {integrity: sha512-ywlh43GwZLv2Voc2gQVTKBoVQ1mti3d8HK5aMxsfu/nRDnMmNqaSJ3r3n85HBByT8OpoY96SXM1FogC533T4zw==}
    dependencies:
      '@ethersproject/bytes': 5.7.0
      '@ethersproject/properties': 5.7.0
    dev: false

  /@ethersproject/bignumber@5.7.0:
    resolution: {integrity: sha512-n1CAdIHRWjSucQO3MC1zPSVgV/6dy/fjL9pMrPP9peL+QxEg9wOsVqwD4+818B6LUEtaXzVHQiuivzRoxPxUGw==}
    dependencies:
      '@ethersproject/bytes': 5.7.0
      '@ethersproject/logger': 5.7.0
      bn.js: 5.2.1
    dev: false

  /@ethersproject/bytes@5.7.0:
    resolution: {integrity: sha512-nsbxwgFXWh9NyYWo+U8atvmMsSdKJprTcICAkvbBffT75qDocbuggBU0SJiVK2MuTrp0q+xvLkTnGMPK1+uA9A==}
    dependencies:
      '@ethersproject/logger': 5.7.0
    dev: false

  /@ethersproject/constants@5.7.0:
    resolution: {integrity: sha512-DHI+y5dBNvkpYUMiRQyxRBYBefZkJfo70VUkUAsRjcPs47muV9evftfZ0PJVCXYbAiCgght0DtcF9srFQmIgWA==}
    dependencies:
      '@ethersproject/bignumber': 5.7.0
    dev: false

  /@ethersproject/contracts@5.7.0:
    resolution: {integrity: sha512-5GJbzEU3X+d33CdfPhcyS+z8MzsTrBGk/sc+G+59+tPa9yFkl6HQ9D6L0QMgNTA9q8dT0XKxxkyp883XsQvbbg==}
    dependencies:
      '@ethersproject/abi': 5.7.0
      '@ethersproject/abstract-provider': 5.7.0
      '@ethersproject/abstract-signer': 5.7.0
      '@ethersproject/address': 5.7.0
      '@ethersproject/bignumber': 5.7.0
      '@ethersproject/bytes': 5.7.0
      '@ethersproject/constants': 5.7.0
      '@ethersproject/logger': 5.7.0
      '@ethersproject/properties': 5.7.0
      '@ethersproject/transactions': 5.7.0
    dev: false

  /@ethersproject/hash@5.7.0:
    resolution: {integrity: sha512-qX5WrQfnah1EFnO5zJv1v46a8HW0+E5xuBBDTwMFZLuVTx0tbU2kkx15NqdjxecrLGatQN9FGQKpb1FKdHCt+g==}
    dependencies:
      '@ethersproject/abstract-signer': 5.7.0
      '@ethersproject/address': 5.7.0
      '@ethersproject/base64': 5.7.0
      '@ethersproject/bignumber': 5.7.0
      '@ethersproject/bytes': 5.7.0
      '@ethersproject/keccak256': 5.7.0
      '@ethersproject/logger': 5.7.0
      '@ethersproject/properties': 5.7.0
      '@ethersproject/strings': 5.7.0
    dev: false

  /@ethersproject/hdnode@5.7.0:
    resolution: {integrity: sha512-OmyYo9EENBPPf4ERhR7oj6uAtUAhYGqOnIS+jE5pTXvdKBS99ikzq1E7Iv0ZQZ5V36Lqx1qZLeak0Ra16qpeOg==}
    dependencies:
      '@ethersproject/abstract-signer': 5.7.0
      '@ethersproject/basex': 5.7.0
      '@ethersproject/bignumber': 5.7.0
      '@ethersproject/bytes': 5.7.0
      '@ethersproject/logger': 5.7.0
      '@ethersproject/pbkdf2': 5.7.0
      '@ethersproject/properties': 5.7.0
      '@ethersproject/sha2': 5.7.0
      '@ethersproject/signing-key': 5.7.0
      '@ethersproject/strings': 5.7.0
      '@ethersproject/transactions': 5.7.0
      '@ethersproject/wordlists': 5.7.0
    dev: false

  /@ethersproject/json-wallets@5.7.0:
    resolution: {integrity: sha512-8oee5Xgu6+RKgJTkvEMl2wDgSPSAQ9MB/3JYjFV9jlKvcYHUXZC+cQp0njgmxdHkYWn8s6/IqIZYm0YWCjO/0g==}
    dependencies:
      '@ethersproject/abstract-signer': 5.7.0
      '@ethersproject/address': 5.7.0
      '@ethersproject/bytes': 5.7.0
      '@ethersproject/hdnode': 5.7.0
      '@ethersproject/keccak256': 5.7.0
      '@ethersproject/logger': 5.7.0
      '@ethersproject/pbkdf2': 5.7.0
      '@ethersproject/properties': 5.7.0
      '@ethersproject/random': 5.7.0
      '@ethersproject/strings': 5.7.0
      '@ethersproject/transactions': 5.7.0
      aes-js: 3.0.0
      scrypt-js: 3.0.1
    dev: false

  /@ethersproject/keccak256@5.7.0:
    resolution: {integrity: sha512-2UcPboeL/iW+pSg6vZ6ydF8tCnv3Iu/8tUmLLzWWGzxWKFFqOBQFLo6uLUv6BDrLgCDfN28RJ/wtByx+jZ4KBg==}
    dependencies:
      '@ethersproject/bytes': 5.7.0
      js-sha3: 0.8.0
    dev: false

  /@ethersproject/logger@5.7.0:
    resolution: {integrity: sha512-0odtFdXu/XHtjQXJYA3u9G0G8btm0ND5Cu8M7i5vhEcE8/HmF4Lbdqanwyv4uQTr2tx6b7fQRmgLrsnpQlmnig==}
    dev: false

  /@ethersproject/networks@5.7.1:
    resolution: {integrity: sha512-n/MufjFYv3yFcUyfhnXotyDlNdFb7onmkSy8aQERi2PjNcnWQ66xXxa3XlS8nCcA8aJKJjIIMNJTC7tu80GwpQ==}
    dependencies:
      '@ethersproject/logger': 5.7.0
    dev: false

  /@ethersproject/pbkdf2@5.7.0:
    resolution: {integrity: sha512-oR/dBRZR6GTyaofd86DehG72hY6NpAjhabkhxgr3X2FpJtJuodEl2auADWBZfhDHgVCbu3/H/Ocq2uC6dpNjjw==}
    dependencies:
      '@ethersproject/bytes': 5.7.0
      '@ethersproject/sha2': 5.7.0
    dev: false

  /@ethersproject/properties@5.7.0:
    resolution: {integrity: sha512-J87jy8suntrAkIZtecpxEPxY//szqr1mlBaYlQ0r4RCaiD2hjheqF9s1LVE8vVuJCXisjIP+JgtK/Do54ej4Sw==}
    dependencies:
      '@ethersproject/logger': 5.7.0
    dev: false

  /@ethersproject/providers@5.7.2:
    resolution: {integrity: sha512-g34EWZ1WWAVgr4aptGlVBF8mhl3VWjv+8hoAnzStu8Ah22VHBsuGzP17eb6xDVRzw895G4W7vvx60lFFur/1Rg==}
    dependencies:
      '@ethersproject/abstract-provider': 5.7.0
      '@ethersproject/abstract-signer': 5.7.0
      '@ethersproject/address': 5.7.0
      '@ethersproject/base64': 5.7.0
      '@ethersproject/basex': 5.7.0
      '@ethersproject/bignumber': 5.7.0
      '@ethersproject/bytes': 5.7.0
      '@ethersproject/constants': 5.7.0
      '@ethersproject/hash': 5.7.0
      '@ethersproject/logger': 5.7.0
      '@ethersproject/networks': 5.7.1
      '@ethersproject/properties': 5.7.0
      '@ethersproject/random': 5.7.0
      '@ethersproject/rlp': 5.7.0
      '@ethersproject/sha2': 5.7.0
      '@ethersproject/strings': 5.7.0
      '@ethersproject/transactions': 5.7.0
      '@ethersproject/web': 5.7.1
      bech32: 1.1.4
      ws: 7.4.6
    transitivePeerDependencies:
      - bufferutil
      - utf-8-validate
    dev: false

  /@ethersproject/random@5.7.0:
    resolution: {integrity: sha512-19WjScqRA8IIeWclFme75VMXSBvi4e6InrUNuaR4s5pTF2qNhcGdCUwdxUVGtDDqC00sDLCO93jPQoDUH4HVmQ==}
    dependencies:
      '@ethersproject/bytes': 5.7.0
      '@ethersproject/logger': 5.7.0
    dev: false

  /@ethersproject/rlp@5.7.0:
    resolution: {integrity: sha512-rBxzX2vK8mVF7b0Tol44t5Tb8gomOHkj5guL+HhzQ1yBh/ydjGnpw6at+X6Iw0Kp3OzzzkcKp8N9r0W4kYSs9w==}
    dependencies:
      '@ethersproject/bytes': 5.7.0
      '@ethersproject/logger': 5.7.0
    dev: false

  /@ethersproject/sha2@5.7.0:
    resolution: {integrity: sha512-gKlH42riwb3KYp0reLsFTokByAKoJdgFCwI+CCiX/k+Jm2mbNs6oOaCjYQSlI1+XBVejwH2KrmCbMAT/GnRDQw==}
    dependencies:
      '@ethersproject/bytes': 5.7.0
      '@ethersproject/logger': 5.7.0
      hash.js: 1.1.7
    dev: false

  /@ethersproject/signing-key@5.7.0:
    resolution: {integrity: sha512-MZdy2nL3wO0u7gkB4nA/pEf8lu1TlFswPNmy8AiYkfKTdO6eXBJyUdmHO/ehm/htHw9K/qF8ujnTyUAD+Ry54Q==}
    dependencies:
      '@ethersproject/bytes': 5.7.0
      '@ethersproject/logger': 5.7.0
      '@ethersproject/properties': 5.7.0
      bn.js: 5.2.1
      elliptic: 6.5.4
      hash.js: 1.1.7
    dev: false

  /@ethersproject/solidity@5.7.0:
    resolution: {integrity: sha512-HmabMd2Dt/raavyaGukF4XxizWKhKQ24DoLtdNbBmNKUOPqwjsKQSdV9GQtj9CBEea9DlzETlVER1gYeXXBGaA==}
    dependencies:
      '@ethersproject/bignumber': 5.7.0
      '@ethersproject/bytes': 5.7.0
      '@ethersproject/keccak256': 5.7.0
      '@ethersproject/logger': 5.7.0
      '@ethersproject/sha2': 5.7.0
      '@ethersproject/strings': 5.7.0
    dev: false

  /@ethersproject/strings@5.7.0:
    resolution: {integrity: sha512-/9nu+lj0YswRNSH0NXYqrh8775XNyEdUQAuf3f+SmOrnVewcJ5SBNAjF7lpgehKi4abvNNXyf+HX86czCdJ8Mg==}
    dependencies:
      '@ethersproject/bytes': 5.7.0
      '@ethersproject/constants': 5.7.0
      '@ethersproject/logger': 5.7.0
    dev: false

  /@ethersproject/transactions@5.7.0:
    resolution: {integrity: sha512-kmcNicCp1lp8qanMTC3RIikGgoJ80ztTyvtsFvCYpSCfkjhD0jZ2LOrnbcuxuToLIUYYf+4XwD1rP+B/erDIhQ==}
    dependencies:
      '@ethersproject/address': 5.7.0
      '@ethersproject/bignumber': 5.7.0
      '@ethersproject/bytes': 5.7.0
      '@ethersproject/constants': 5.7.0
      '@ethersproject/keccak256': 5.7.0
      '@ethersproject/logger': 5.7.0
      '@ethersproject/properties': 5.7.0
      '@ethersproject/rlp': 5.7.0
      '@ethersproject/signing-key': 5.7.0
    dev: false

  /@ethersproject/units@5.7.0:
    resolution: {integrity: sha512-pD3xLMy3SJu9kG5xDGI7+xhTEmGXlEqXU4OfNapmfnxLVY4EMSSRp7j1k7eezutBPH7RBN/7QPnwR7hzNlEFeg==}
    dependencies:
      '@ethersproject/bignumber': 5.7.0
      '@ethersproject/constants': 5.7.0
      '@ethersproject/logger': 5.7.0
    dev: false

  /@ethersproject/wallet@5.7.0:
    resolution: {integrity: sha512-MhmXlJXEJFBFVKrDLB4ZdDzxcBxQ3rLyCkhNqVu3CDYvR97E+8r01UgrI+TI99Le+aYm/in/0vp86guJuM7FCA==}
    dependencies:
      '@ethersproject/abstract-provider': 5.7.0
      '@ethersproject/abstract-signer': 5.7.0
      '@ethersproject/address': 5.7.0
      '@ethersproject/bignumber': 5.7.0
      '@ethersproject/bytes': 5.7.0
      '@ethersproject/hash': 5.7.0
      '@ethersproject/hdnode': 5.7.0
      '@ethersproject/json-wallets': 5.7.0
      '@ethersproject/keccak256': 5.7.0
      '@ethersproject/logger': 5.7.0
      '@ethersproject/properties': 5.7.0
      '@ethersproject/random': 5.7.0
      '@ethersproject/signing-key': 5.7.0
      '@ethersproject/transactions': 5.7.0
      '@ethersproject/wordlists': 5.7.0
    dev: false

  /@ethersproject/web@5.7.1:
    resolution: {integrity: sha512-Gueu8lSvyjBWL4cYsWsjh6MtMwM0+H4HvqFPZfB6dV8ctbP9zFAO73VG1cMWae0FLPCtz0peKPpZY8/ugJJX2w==}
    dependencies:
      '@ethersproject/base64': 5.7.0
      '@ethersproject/bytes': 5.7.0
      '@ethersproject/logger': 5.7.0
      '@ethersproject/properties': 5.7.0
      '@ethersproject/strings': 5.7.0
    dev: false

  /@ethersproject/wordlists@5.7.0:
    resolution: {integrity: sha512-S2TFNJNfHWVHNE6cNDjbVlZ6MgE17MIxMbMg2zv3wn+3XSJGosL1m9ZVv3GXCf/2ymSsQ+hRI5IzoMJTG6aoVA==}
    dependencies:
      '@ethersproject/bytes': 5.7.0
      '@ethersproject/hash': 5.7.0
      '@ethersproject/logger': 5.7.0
      '@ethersproject/properties': 5.7.0
      '@ethersproject/strings': 5.7.0
    dev: false

  /@latticexyz/common@2.0.0-next.4(zod@3.22.2):
    resolution: {integrity: sha512-JaE6mx55KirS9kUlxg1nveVvHGpv4hC9sDC385Ov9blKpIaOLkgeYn5eqE7phwEvnKz5AZAccilLfMM6WSXXrQ==}
    dependencies:
      '@latticexyz/schema-type': 2.0.0-next.4(zod@3.22.2)
      '@solidity-parser/parser': 0.16.1
      abitype: 0.9.3(zod@3.22.2)
      chalk: 5.3.0
      debug: 4.3.4
      execa: 7.2.0
      p-retry: 5.1.2
      prettier: 2.8.8
      prettier-plugin-solidity: 1.1.3(prettier@2.8.8)
      viem: 1.6.0(zod@3.22.2)
    transitivePeerDependencies:
      - bufferutil
      - supports-color
      - typescript
      - utf-8-validate
      - zod
    dev: false

  /@latticexyz/config@2.0.0-next.4:
    resolution: {integrity: sha512-UTyUUhAG822c6gTa6/GDw3v3p82Gri1O8kBEgKJrz7GN1IsiyzIo7kT+9/XjY9qDEKRmUEN+Lf9Jpd0rs4d/yA==}
    dependencies:
      '@latticexyz/common': 2.0.0-next.4(zod@3.22.2)
      '@latticexyz/schema-type': 2.0.0-next.4(zod@3.22.2)
      chalk: 5.3.0
      esbuild: 0.17.19
      ethers: 5.7.2
      find-up: 6.3.0
      zod: 3.22.2
      zod-validation-error: 1.5.0(zod@3.22.2)
    transitivePeerDependencies:
      - bufferutil
      - supports-color
      - typescript
      - utf-8-validate
    dev: false

  /@latticexyz/gas-report@2.0.0-next.4:
    resolution: {integrity: sha512-di5c5+pkJ/gL+ATT8s8uFGS+WTgGLNm0MRljnlge9N02/dBJyJPsB5vWxlIgKgRlsdbJkdAHOdkP+v98DPYTEQ==}
    hasBin: true
    dependencies:
      chalk: 5.3.0
      dotenv: 16.3.1
      execa: 7.2.0
      strip-ansi: 7.1.0
      table: 6.8.1
      yargs: 17.7.2
    dev: false

  /@latticexyz/schema-type@2.0.0-next.4(zod@3.22.2):
    resolution: {integrity: sha512-3+cm4yahkRXoPrGX1K6qdFFKFclvwmHSJI12Iolqabbp65TUT6v8VvtQv7hxl8n18mNQRZ7qsZ1flJCJHMyONg==}
    dependencies:
      abitype: 0.9.3(zod@3.22.2)
      viem: 1.6.0(zod@3.22.2)
    transitivePeerDependencies:
      - bufferutil
      - typescript
      - utf-8-validate
      - zod
    dev: false

  /@latticexyz/store@2.0.0-next.4:
    resolution: {integrity: sha512-QWvXuDOYQ3YT2idM4+oMBcmGuzpDlVzWxXAwmX/w2r56RFZrY2/fs56OTqwEp/tDy0KRRZEIdOZm4GEZrB7tKw==}
    dependencies:
      '@ethersproject/abi': 5.7.0
      '@ethersproject/providers': 5.7.2
      '@latticexyz/common': 2.0.0-next.4(zod@3.22.2)
      '@latticexyz/config': 2.0.0-next.4
      '@latticexyz/gas-report': 2.0.0-next.4
      '@latticexyz/schema-type': 2.0.0-next.4(zod@3.22.2)
      abitype: 0.9.3(zod@3.22.2)
      ethers: 5.7.2
      zod: 3.22.2
    transitivePeerDependencies:
      - bufferutil
      - supports-color
      - typescript
      - utf-8-validate
    dev: false

  /@latticexyz/world@2.0.0-next.4:
    resolution: {integrity: sha512-oMaFYa/7rxeiPTTpMJu3a53uGaZAMpKVWt9Rr2DZKKT8kkZdGXnKmIsGm+r/Z70xChTibJdoZz24elygMuEnjA==}
    dependencies:
      '@ethersproject/abi': 5.7.0
      '@ethersproject/providers': 5.7.2
      '@latticexyz/common': 2.0.0-next.4(zod@3.22.2)
      '@latticexyz/config': 2.0.0-next.4
      '@latticexyz/gas-report': 2.0.0-next.4
      '@latticexyz/schema-type': 2.0.0-next.4(zod@3.22.2)
      '@latticexyz/store': 2.0.0-next.4
      ethers: 5.7.2
      zod: 3.22.2
    transitivePeerDependencies:
      - bufferutil
      - supports-color
      - typescript
      - utf-8-validate
    dev: false

  /@noble/curves@1.0.0:
    resolution: {integrity: sha512-2upgEu0iLiDVDZkNLeFV2+ht0BAVgQnEmCk6JsOch9Rp8xfkMCbvbAZlA2pBHQc73dbl+vFOXfqkf4uemdn0bw==}
    dependencies:
      '@noble/hashes': 1.3.0
    dev: false

  /@noble/curves@1.1.0:
    resolution: {integrity: sha512-091oBExgENk/kGj3AZmtBDMpxQPDtxQABR2B9lb1JbVTs6ytdzZNwvhxQ4MWasRNEzlbEH8jCWFCwhF/Obj5AA==}
    dependencies:
      '@noble/hashes': 1.3.1
    dev: false

  /@noble/hashes@1.3.0:
    resolution: {integrity: sha512-ilHEACi9DwqJB0pw7kv+Apvh50jiiSyR/cQ3y4W7lOR5mhvn/50FLUfsnfJz0BDZtl/RR16kXvptiv6q1msYZg==}
    dev: false

  /@noble/hashes@1.3.1:
    resolution: {integrity: sha512-EbqwksQwz9xDRGfDST86whPBgM65E0OH/pCgqW0GBVzO22bNE+NuIbeTb714+IfSjU3aRk47EUvXIb5bTsenKA==}
    engines: {node: '>= 16'}
    dev: false

  /@scure/base@1.1.1:
    resolution: {integrity: sha512-ZxOhsSyxYwLJj3pLZCefNitxsj093tb2vq90mp2txoYeBqbcjDjqFhyM8eUjq/uFm6zJ+mUuqxlS2FkuSY1MTA==}
    dev: false

  /@scure/bip32@1.3.0:
    resolution: {integrity: sha512-bcKpo1oj54hGholplGLpqPHRbIsnbixFtc06nwuNM5/dwSXOq/AAYoIBRsBmnZJSdfeNW5rnff7NTAz3ZCqR9Q==}
    dependencies:
      '@noble/curves': 1.0.0
      '@noble/hashes': 1.3.0
      '@scure/base': 1.1.1
    dev: false

  /@scure/bip39@1.2.0:
    resolution: {integrity: sha512-SX/uKq52cuxm4YFXWFaVByaSHJh2w3BnokVSeUJVCv6K7WulT9u2BuNRBhuFl8vAuYnzx9bEu9WgpcNYTrYieg==}
    dependencies:
      '@noble/hashes': 1.3.0
      '@scure/base': 1.1.1
    dev: false

  /@solidity-parser/parser@0.16.1:
    resolution: {integrity: sha512-PdhRFNhbTtu3x8Axm0uYpqOy/lODYQK+MlYSgqIsq2L8SFYEHJPHNUiOTAJbDGzNjjr1/n9AcIayxafR/fWmYw==}
    dependencies:
      antlr4ts: 0.5.0-alpha.4
    dev: false

  /@types/node@20.5.4:
    resolution: {integrity: sha512-Y9vbIAoM31djQZrPYjpTLo0XlaSwOIsrlfE3LpulZeRblttsLQRFRlBAppW0LOxyT3ALj2M5vU1ucQQayQH3jA==}
    dev: false

  /@types/retry@0.12.1:
    resolution: {integrity: sha512-xoDlM2S4ortawSWORYqsdU+2rxdh4LRW9ytc3zmT37RIKQh6IHyKwwtKhKis9ah8ol07DCkZxPt8BBvPjC6v4g==}
    dev: false

  /@types/ws@8.5.5:
    resolution: {integrity: sha512-lwhs8hktwxSjf9UaZ9tG5M03PGogvFaH8gUgLNbN9HKIg0dvv6q+gkSuJ8HN4/VbyxkuLzCjlN7GquQ0gUJfIg==}
    dependencies:
      '@types/node': 20.5.4
    dev: false

  /@wagmi/chains@1.6.0:
    resolution: {integrity: sha512-5FRlVxse5P4ZaHG3GTvxwVANSmYJas1eQrTBHhjxVtqXoorm0aLmCHbhmN8Xo1yu09PaWKlleEvfE98yH4AgIw==}
    peerDependencies:
      typescript: '>=5.0.4'
    peerDependenciesMeta:
      typescript:
        optional: true
    dev: false

  /abitype@0.9.3(zod@3.22.2):
    resolution: {integrity: sha512-dz4qCQLurx97FQhnb/EIYTk/ldQ+oafEDUqC0VVIeQS1Q48/YWt/9YNfMmp9SLFqN41ktxny3c8aYxHjmFIB/w==}
    peerDependencies:
      typescript: '>=5.0.4'
      zod: ^3 >=3.19.1
    peerDependenciesMeta:
      typescript:
        optional: true
      zod:
        optional: true
    dependencies:
      zod: 3.22.2
    dev: false

  /aes-js@3.0.0:
    resolution: {integrity: sha512-H7wUZRn8WpTq9jocdxQ2c8x2sKo9ZVmzfRE13GiNJXfp7NcKYEdvl3vspKjXox6RIG2VtaRe4JFvxG4rqp2Zuw==}
    dev: false

  /ajv@8.12.0:
    resolution: {integrity: sha512-sRu1kpcO9yLtYxBKvqfTeh9KzZEwO3STyX1HT+4CaDzC6HpTGYhIhPIzj9XuKU7KYDwnaeh5hcOwjy1QuJzBPA==}
    dependencies:
      fast-deep-equal: 3.1.3
      json-schema-traverse: 1.0.0
      require-from-string: 2.0.2
      uri-js: 4.4.1
    dev: false

  /ansi-regex@5.0.1:
    resolution: {integrity: sha512-quJQXlTSUGL2LH9SUXo8VwsY4soanhgo6LNSm84E1LBcE8s3O0wpdiRzyR9z/ZZJMlMWv37qOOb9pdJlMUEKFQ==}
    engines: {node: '>=8'}
    dev: false

  /ansi-regex@6.0.1:
    resolution: {integrity: sha512-n5M855fKb2SsfMIiFFoVrABHJC8QtHwVx+mHWP3QcEqBHYienj5dHSgjbxtC0WEZXYt4wcD6zrQElDPhFuZgfA==}
    engines: {node: '>=12'}
    dev: false

  /ansi-styles@4.3.0:
    resolution: {integrity: sha512-zbB9rCJAT1rbjiVDb2hqKFHNYLxgtk8NURxZ3IZwD3F6NtxbXZQCnnSi1Lkx+IDohdPlFp222wVALIheZJQSEg==}
    engines: {node: '>=8'}
    dependencies:
      color-convert: 2.0.1
    dev: false

  /antlr4ts@0.5.0-alpha.4:
    resolution: {integrity: sha512-WPQDt1B74OfPv/IMS2ekXAKkTZIHl88uMetg6q3OTqgFxZ/dxDXI0EWLyZid/1Pe6hTftyg5N7gel5wNAGxXyQ==}
    dev: false

  /astral-regex@2.0.0:
    resolution: {integrity: sha512-Z7tMw1ytTXt5jqMcOP+OQteU1VuNK9Y02uuJtKQ1Sv69jXQKKg5cibLwGJow8yzZP+eAc18EmLGPal0bp36rvQ==}
    engines: {node: '>=8'}
    dev: false

  /bech32@1.1.4:
    resolution: {integrity: sha512-s0IrSOzLlbvX7yp4WBfPITzpAU8sqQcpsmwXDiKwrG4r491vwCO/XpejasRNl0piBMe/DvP4Tz0mIS/X1DPJBQ==}
    dev: false

  /bn.js@4.12.0:
    resolution: {integrity: sha512-c98Bf3tPniI+scsdk237ku1Dc3ujXQTSgyiPUDEOe7tRkhrqridvh8klBv0HCEso1OLOYcHuCv/cS6DNxKH+ZA==}
    dev: false

  /bn.js@5.2.1:
    resolution: {integrity: sha512-eXRvHzWyYPBuB4NBy0cmYQjGitUrtqwbvlzP3G6VFnNRbsZQIxQ10PbKKHt8gZ/HW/D/747aDl+QkDqg3KQLMQ==}
    dev: false

  /brorand@1.1.0:
    resolution: {integrity: sha512-cKV8tMCEpQs4hK/ik71d6LrPOnpkpGBR0wzxqr68g2m/LB2GxVYQroAjMJZRVM1Y4BCjCKc3vAamxSzOY2RP+w==}
    dev: false

  /chalk@5.3.0:
    resolution: {integrity: sha512-dLitG79d+GV1Nb/VYcCDFivJeK1hiukt9QjRNVOsUtTy1rR1YJsmpGGTZ3qJos+uw7WmWF4wUwBd9jxjocFC2w==}
    engines: {node: ^12.17.0 || ^14.13 || >=16.0.0}
    dev: false

  /cliui@8.0.1:
    resolution: {integrity: sha512-BSeNnyus75C4//NQ9gQt1/csTXyo/8Sb+afLAkzAptFuMsod9HFokGNudZpi/oQV73hnVK+sR+5PVRMd+Dr7YQ==}
    engines: {node: '>=12'}
    dependencies:
      string-width: 4.2.3
      strip-ansi: 6.0.1
      wrap-ansi: 7.0.0
    dev: false

  /color-convert@2.0.1:
    resolution: {integrity: sha512-RRECPsj7iu/xb5oKYcsFHSppFNnsj/52OVTRKb4zP5onXwVF3zVmmToNcOfGC+CRDpfK/U584fMg38ZHCaElKQ==}
    engines: {node: '>=7.0.0'}
    dependencies:
      color-name: 1.1.4
    dev: false

  /color-name@1.1.4:
    resolution: {integrity: sha512-dOy+3AuW3a2wNbZHIuMZpTcgjGuLU/uBL/ubcZF9OXbDo8ff4O8yVp5Bf0efS8uEoYo5q4Fx7dY9OgQGXgAsQA==}
    dev: false

  /cross-spawn@7.0.3:
    resolution: {integrity: sha512-iRDPJKUPVEND7dHPO8rkbOnPpyDygcDFtWjpeWNCgy8WP2rXcxXL8TskReQl6OrB2G7+UJrags1q15Fudc7G6w==}
    engines: {node: '>= 8'}
    dependencies:
      path-key: 3.1.1
      shebang-command: 2.0.0
      which: 2.0.2
    dev: false

  /debug@4.3.4:
    resolution: {integrity: sha512-PRWFHuSU3eDtQJPvnNY7Jcket1j0t5OuOsFzPPzsekD52Zl8qUfFIPEiswXqIvHWGVHOgX+7G/vCNNhehwxfkQ==}
    engines: {node: '>=6.0'}
    peerDependencies:
      supports-color: '*'
    peerDependenciesMeta:
      supports-color:
        optional: true
    dependencies:
      ms: 2.1.2
    dev: false

  /dotenv@16.3.1:
    resolution: {integrity: sha512-IPzF4w4/Rd94bA9imS68tZBaYyBWSCE47V1RGuMrB94iyTOIEwRmVL2x/4An+6mETpLrKJ5hQkB8W4kFAadeIQ==}
    engines: {node: '>=12'}
    dev: false

  /elliptic@6.5.4:
    resolution: {integrity: sha512-iLhC6ULemrljPZb+QutR5TQGB+pdW6KGD5RSegS+8sorOZT+rdQFbsQFJgvN3eRqNALqJer4oQ16YvJHlU8hzQ==}
    dependencies:
      bn.js: 4.12.0
      brorand: 1.1.0
      hash.js: 1.1.7
      hmac-drbg: 1.0.1
      inherits: 2.0.4
      minimalistic-assert: 1.0.1
      minimalistic-crypto-utils: 1.0.1
    dev: false

  /emoji-regex@8.0.0:
    resolution: {integrity: sha512-MSjYzcWNOA0ewAHpz0MxpYFvwg6yjy1NG3xteoqz644VCo/RPgnr1/GGt+ic3iJTzQ8Eu3TdM14SawnVUmGE6A==}
    dev: false

  /esbuild@0.17.19:
    resolution: {integrity: sha512-XQ0jAPFkK/u3LcVRcvVHQcTIqD6E2H1fvZMA5dQPSOWb3suUbWbfbRf94pjc0bNzRYLfIrDRQXr7X+LHIm5oHw==}
    engines: {node: '>=12'}
    hasBin: true
    requiresBuild: true
    optionalDependencies:
      '@esbuild/android-arm': 0.17.19
      '@esbuild/android-arm64': 0.17.19
      '@esbuild/android-x64': 0.17.19
      '@esbuild/darwin-arm64': 0.17.19
      '@esbuild/darwin-x64': 0.17.19
      '@esbuild/freebsd-arm64': 0.17.19
      '@esbuild/freebsd-x64': 0.17.19
      '@esbuild/linux-arm': 0.17.19
      '@esbuild/linux-arm64': 0.17.19
      '@esbuild/linux-ia32': 0.17.19
      '@esbuild/linux-loong64': 0.17.19
      '@esbuild/linux-mips64el': 0.17.19
      '@esbuild/linux-ppc64': 0.17.19
      '@esbuild/linux-riscv64': 0.17.19
      '@esbuild/linux-s390x': 0.17.19
      '@esbuild/linux-x64': 0.17.19
      '@esbuild/netbsd-x64': 0.17.19
      '@esbuild/openbsd-x64': 0.17.19
      '@esbuild/sunos-x64': 0.17.19
      '@esbuild/win32-arm64': 0.17.19
      '@esbuild/win32-ia32': 0.17.19
      '@esbuild/win32-x64': 0.17.19
    dev: false

  /escalade@3.1.1:
    resolution: {integrity: sha512-k0er2gUkLf8O0zKJiAhmkTnJlTvINGv7ygDNPbeIsX/TJjGJZHuh9B2UxbsaEkmlEo9MfhrSzmhIlhRlI2GXnw==}
    engines: {node: '>=6'}
    dev: false

  /ethers@5.7.2:
    resolution: {integrity: sha512-wswUsmWo1aOK8rR7DIKiWSw9DbLWe6x98Jrn8wcTflTVvaXhAMaB5zGAXy0GYQEQp9iO1iSHWVyARQm11zUtyg==}
    dependencies:
      '@ethersproject/abi': 5.7.0
      '@ethersproject/abstract-provider': 5.7.0
      '@ethersproject/abstract-signer': 5.7.0
      '@ethersproject/address': 5.7.0
      '@ethersproject/base64': 5.7.0
      '@ethersproject/basex': 5.7.0
      '@ethersproject/bignumber': 5.7.0
      '@ethersproject/bytes': 5.7.0
      '@ethersproject/constants': 5.7.0
      '@ethersproject/contracts': 5.7.0
      '@ethersproject/hash': 5.7.0
      '@ethersproject/hdnode': 5.7.0
      '@ethersproject/json-wallets': 5.7.0
      '@ethersproject/keccak256': 5.7.0
      '@ethersproject/logger': 5.7.0
      '@ethersproject/networks': 5.7.1
      '@ethersproject/pbkdf2': 5.7.0
      '@ethersproject/properties': 5.7.0
      '@ethersproject/providers': 5.7.2
      '@ethersproject/random': 5.7.0
      '@ethersproject/rlp': 5.7.0
      '@ethersproject/sha2': 5.7.0
      '@ethersproject/signing-key': 5.7.0
      '@ethersproject/solidity': 5.7.0
      '@ethersproject/strings': 5.7.0
      '@ethersproject/transactions': 5.7.0
      '@ethersproject/units': 5.7.0
      '@ethersproject/wallet': 5.7.0
      '@ethersproject/web': 5.7.1
      '@ethersproject/wordlists': 5.7.0
    transitivePeerDependencies:
      - bufferutil
      - utf-8-validate
    dev: false

  /execa@7.2.0:
    resolution: {integrity: sha512-UduyVP7TLB5IcAQl+OzLyLcS/l32W/GLg+AhHJ+ow40FOk2U3SAllPwR44v4vmdFwIWqpdwxxpQbF1n5ta9seA==}
    engines: {node: ^14.18.0 || ^16.14.0 || >=18.0.0}
    dependencies:
      cross-spawn: 7.0.3
      get-stream: 6.0.1
      human-signals: 4.3.1
      is-stream: 3.0.0
      merge-stream: 2.0.0
      npm-run-path: 5.1.0
      onetime: 6.0.0
      signal-exit: 3.0.7
      strip-final-newline: 3.0.0
    dev: false

  /fast-deep-equal@3.1.3:
    resolution: {integrity: sha512-f3qQ9oQy9j2AhBe/H9VC91wLmKBCCU/gDOnKNAYG5hswO7BLKj09Hc5HYNz9cGI++xlpDCIgDaitVs03ATR84Q==}
    dev: false

  /find-up@6.3.0:
    resolution: {integrity: sha512-v2ZsoEuVHYy8ZIlYqwPe/39Cy+cFDzp4dXPaxNvkEuouymu+2Jbz0PxpKarJHYJTmv2HWT3O382qY8l4jMWthw==}
    engines: {node: ^12.20.0 || ^14.13.1 || >=16.0.0}
    dependencies:
      locate-path: 7.2.0
      path-exists: 5.0.0
    dev: false

  /get-caller-file@2.0.5:
    resolution: {integrity: sha512-DyFP3BM/3YHTQOCUL/w0OZHR0lpKeGrxotcHWcqNEdnltqFwXVfhEBQ94eIo34AfQpo0rGki4cyIiftY06h2Fg==}
    engines: {node: 6.* || 8.* || >= 10.*}
    dev: false

  /get-stream@6.0.1:
    resolution: {integrity: sha512-ts6Wi+2j3jQjqi70w5AlN8DFnkSwC+MqmxEzdEALB2qXZYV3X/b1CTfgPLGJNMeAWxdPfU8FO1ms3NUfaHCPYg==}
    engines: {node: '>=10'}
    dev: false

  /hash.js@1.1.7:
    resolution: {integrity: sha512-taOaskGt4z4SOANNseOviYDvjEJinIkRgmp7LbKP2YTTmVxWBl87s/uzK9r+44BclBSp2X7K1hqeNfz9JbBeXA==}
    dependencies:
      inherits: 2.0.4
      minimalistic-assert: 1.0.1
    dev: false

  /hmac-drbg@1.0.1:
    resolution: {integrity: sha512-Tti3gMqLdZfhOQY1Mzf/AanLiqh1WTiJgEj26ZuYQ9fbkLomzGchCws4FyrSd4VkpBfiNhaE1On+lOz894jvXg==}
    dependencies:
      hash.js: 1.1.7
      minimalistic-assert: 1.0.1
      minimalistic-crypto-utils: 1.0.1
    dev: false

  /human-signals@4.3.1:
    resolution: {integrity: sha512-nZXjEF2nbo7lIw3mgYjItAfgQXog3OjJogSbKa2CQIIvSGWcKgeJnQlNXip6NglNzYH45nSRiEVimMvYL8DDqQ==}
    engines: {node: '>=14.18.0'}
    dev: false

  /inherits@2.0.4:
    resolution: {integrity: sha512-k/vGaX4/Yla3WzyMCvTQOXYeIHvqOKtnqBduzTHpzpQZzAskKMhZ2K+EnBiSM9zGSoIFeMpXKxa4dYeZIQqewQ==}
    dev: false

  /is-fullwidth-code-point@3.0.0:
    resolution: {integrity: sha512-zymm5+u+sCsSWyD9qNaejV3DFvhCKclKdizYaJUuHA83RLjb7nSuGnddCHGv0hk+KY7BMAlsWeK4Ueg6EV6XQg==}
    engines: {node: '>=8'}
    dev: false

  /is-stream@3.0.0:
    resolution: {integrity: sha512-LnQR4bZ9IADDRSkvpqMGvt/tEJWclzklNgSw48V5EAaAeDd6qGvN8ei6k5p0tvxSR171VmGyHuTiAOfxAbr8kA==}
    engines: {node: ^12.20.0 || ^14.13.1 || >=16.0.0}
    dev: false

  /isexe@2.0.0:
    resolution: {integrity: sha512-RHxMLp9lnKHGHRng9QFhRCMbYAcVpn69smSGcq3f36xjgVVWThj4qqLbTLlq7Ssj8B+fIQ1EuCEGI2lKsyQeIw==}
    dev: false

  /isomorphic-ws@5.0.0(ws@8.12.0):
    resolution: {integrity: sha512-muId7Zzn9ywDsyXgTIafTry2sV3nySZeUDe6YedVd1Hvuuep5AsIlqK+XefWpYTyJG5e503F2xIuT2lcU6rCSw==}
    peerDependencies:
      ws: '*'
    dependencies:
      ws: 8.12.0
    dev: false

  /js-sha3@0.8.0:
    resolution: {integrity: sha512-gF1cRrHhIzNfToc802P800N8PpXS+evLLXfsVpowqmAFR9uwbi89WvXg2QspOmXL8QL86J4T1EpFu+yUkwJY3Q==}
    dev: false

  /json-schema-traverse@1.0.0:
    resolution: {integrity: sha512-NM8/P9n3XjXhIZn1lLhkFaACTOURQXjWhV4BA/RnOv8xvgqtqpAX9IO4mRQxSx1Rlo4tqzeqb0sOlruaOy3dug==}
    dev: false

  /locate-path@7.2.0:
    resolution: {integrity: sha512-gvVijfZvn7R+2qyPX8mAuKcFGDf6Nc61GdvGafQsHL0sBIxfKzA+usWn4GFC/bk+QdwPUD4kWFJLhElipq+0VA==}
    engines: {node: ^12.20.0 || ^14.13.1 || >=16.0.0}
    dependencies:
      p-locate: 6.0.0
    dev: false

  /lodash.truncate@4.4.2:
    resolution: {integrity: sha512-jttmRe7bRse52OsWIMDLaXxWqRAmtIUccAQ3garviCqJjafXOfNMO0yMfNpdD6zbGaTU0P5Nz7e7gAT6cKmJRw==}
    dev: false

  /lru-cache@6.0.0:
    resolution: {integrity: sha512-Jo6dJ04CmSjuznwJSS3pUeWmd/H0ffTlkXXgwZi+eq1UCmqQwCh+eLsYOYCwY991i2Fah4h1BEMCx4qThGbsiA==}
    engines: {node: '>=10'}
    dependencies:
      yallist: 4.0.0
    dev: false

  /merge-stream@2.0.0:
    resolution: {integrity: sha512-abv/qOcuPfk3URPfDzmZU1LKmuw8kT+0nIHvKrKgFrwifol/doWcdA4ZqsWQ8ENrFKkd67Mfpo/LovbIUsbt3w==}
    dev: false

  /mimic-fn@4.0.0:
    resolution: {integrity: sha512-vqiC06CuhBTUdZH+RYl8sFrL096vA45Ok5ISO6sE/Mr1jRbGH4Csnhi8f3wKVl7x8mO4Au7Ir9D3Oyv1VYMFJw==}
    engines: {node: '>=12'}
    dev: false

  /minimalistic-assert@1.0.1:
    resolution: {integrity: sha512-UtJcAD4yEaGtjPezWuO9wC4nwUnVH/8/Im3yEHQP4b67cXlD/Qr9hdITCU1xDbSEXg2XKNaP8jsReV7vQd00/A==}
    dev: false

  /minimalistic-crypto-utils@1.0.1:
    resolution: {integrity: sha512-JIYlbt6g8i5jKfJ3xz7rF0LXmv2TkDxBLUkiBeZ7bAx4GnnNMr8xFpGnOxn6GhTEHx3SjRrZEoU+j04prX1ktg==}
    dev: false

  /ms@2.1.2:
    resolution: {integrity: sha512-sGkPx+VjMtmA6MX27oA4FBFELFCZZ4S4XqeGOXCv68tT+jb3vk/RyaKWP0PTKyWtmLSM0b+adUTEvbs1PEaH2w==}
    dev: false

  /npm-run-path@5.1.0:
    resolution: {integrity: sha512-sJOdmRGrY2sjNTRMbSvluQqg+8X7ZK61yvzBEIDhz4f8z1TZFYABsqjjCBd/0PUNE9M6QDgHJXQkGUEm7Q+l9Q==}
    engines: {node: ^12.20.0 || ^14.13.1 || >=16.0.0}
    dependencies:
      path-key: 4.0.0
    dev: false

  /onetime@6.0.0:
    resolution: {integrity: sha512-1FlR+gjXK7X+AsAHso35MnyN5KqGwJRi/31ft6x0M194ht7S+rWAvd7PHss9xSKMzE0asv1pyIHaJYq+BbacAQ==}
    engines: {node: '>=12'}
    dependencies:
      mimic-fn: 4.0.0
    dev: false

  /p-limit@4.0.0:
    resolution: {integrity: sha512-5b0R4txpzjPWVw/cXXUResoD4hb6U/x9BH08L7nw+GN1sezDzPdxeRvpc9c433fZhBan/wusjbCsqwqm4EIBIQ==}
    engines: {node: ^12.20.0 || ^14.13.1 || >=16.0.0}
    dependencies:
      yocto-queue: 1.0.0
    dev: false

  /p-locate@6.0.0:
    resolution: {integrity: sha512-wPrq66Llhl7/4AGC6I+cqxT07LhXvWL08LNXz1fENOw0Ap4sRZZ/gZpTTJ5jpurzzzfS2W/Ge9BY3LgLjCShcw==}
    engines: {node: ^12.20.0 || ^14.13.1 || >=16.0.0}
    dependencies:
      p-limit: 4.0.0
    dev: false

  /p-retry@5.1.2:
    resolution: {integrity: sha512-couX95waDu98NfNZV+i/iLt+fdVxmI7CbrrdC2uDWfPdUAApyxT4wmDlyOtR5KtTDmkDO0zDScDjDou9YHhd9g==}
    engines: {node: ^12.20.0 || ^14.13.1 || >=16.0.0}
    dependencies:
      '@types/retry': 0.12.1
      retry: 0.13.1
    dev: false

  /path-exists@5.0.0:
    resolution: {integrity: sha512-RjhtfwJOxzcFmNOi6ltcbcu4Iu+FL3zEj83dk4kAS+fVpTxXLO1b38RvJgT/0QwvV/L3aY9TAnyv0EOqW4GoMQ==}
    engines: {node: ^12.20.0 || ^14.13.1 || >=16.0.0}
    dev: false

  /path-key@3.1.1:
    resolution: {integrity: sha512-ojmeN0qd+y0jszEtoY48r0Peq5dwMEkIlCOu6Q5f41lfkswXuKtYrhgoTpLnyIcHm24Uhqx+5Tqm2InSwLhE6Q==}
    engines: {node: '>=8'}
    dev: false

  /path-key@4.0.0:
    resolution: {integrity: sha512-haREypq7xkM7ErfgIyA0z+Bj4AGKlMSdlQE2jvJo6huWD1EdkKYV+G/T4nq0YEF2vgTT8kqMFKo1uHn950r4SQ==}
    engines: {node: '>=12'}
    dev: false

  /prettier-plugin-solidity@1.1.3(prettier@2.8.8):
    resolution: {integrity: sha512-fQ9yucPi2sBbA2U2Xjh6m4isUTJ7S7QLc/XDDsktqqxYfTwdYKJ0EnnywXHwCGAaYbQNK+HIYPL1OemxuMsgeg==}
    engines: {node: '>=12'}
    peerDependencies:
      prettier: '>=2.3.0 || >=3.0.0-alpha.0'
    dependencies:
      '@solidity-parser/parser': 0.16.1
      prettier: 2.8.8
      semver: 7.5.4
      solidity-comments-extractor: 0.0.7
    dev: false

  /prettier@2.8.8:
    resolution: {integrity: sha512-tdN8qQGvNjw4CHbY+XXk0JgCXn9QiF21a55rBe5LJAU+kDyC4WQn4+awm2Xfk2lQMk5fKup9XgzTZtGkjBdP9Q==}
    engines: {node: '>=10.13.0'}
    hasBin: true
    dev: false

  /punycode@2.3.0:
    resolution: {integrity: sha512-rRV+zQD8tVFys26lAGR9WUuS4iUAngJScM+ZRSKtvl5tKeZ2t5bvdNFdNHBW9FWR4guGHlgmsZ1G7BSm2wTbuA==}
    engines: {node: '>=6'}
    dev: false

  /require-directory@2.1.1:
    resolution: {integrity: sha512-fGxEI7+wsG9xrvdjsrlmL22OMTTiHRwAMroiEeMgq8gzoLC/PQr7RsRDSTLUg/bZAZtF+TVIkHc6/4RIKrui+Q==}
    engines: {node: '>=0.10.0'}
    dev: false

  /require-from-string@2.0.2:
    resolution: {integrity: sha512-Xf0nWe6RseziFMu+Ap9biiUbmplq6S9/p+7w7YXP/JBHhrUDDUhwa+vANyubuqfZWTveU//DYVGsDG7RKL/vEw==}
    engines: {node: '>=0.10.0'}
    dev: false

  /retry@0.13.1:
    resolution: {integrity: sha512-XQBQ3I8W1Cge0Seh+6gjj03LbmRFWuoszgK9ooCpwYIrhhoO80pfq4cUkU5DkknwfOfFteRwlZ56PYOGYyFWdg==}
    engines: {node: '>= 4'}
    dev: false

  /scrypt-js@3.0.1:
    resolution: {integrity: sha512-cdwTTnqPu0Hyvf5in5asVdZocVDTNRmR7XEcJuIzMjJeSHybHl7vpB66AzwTaIg6CLSbtjcxc8fqcySfnTkccA==}
    dev: false

  /semver@7.5.4:
    resolution: {integrity: sha512-1bCSESV6Pv+i21Hvpxp3Dx+pSD8lIPt8uVjRrxAUt/nbswYc+tK6Y2btiULjd4+fnq15PX+nqQDC7Oft7WkwcA==}
    engines: {node: '>=10'}
    hasBin: true
    dependencies:
      lru-cache: 6.0.0
    dev: false

  /shebang-command@2.0.0:
    resolution: {integrity: sha512-kHxr2zZpYtdmrN1qDjrrX/Z1rR1kG8Dx+gkpK1G4eXmvXswmcE1hTWBWYUzlraYw1/yZp6YuDY77YtvbN0dmDA==}
    engines: {node: '>=8'}
    dependencies:
      shebang-regex: 3.0.0
    dev: false

  /shebang-regex@3.0.0:
    resolution: {integrity: sha512-7++dFhtcx3353uBaq8DDR4NuxBetBzC7ZQOhmTQInHEd6bSrXdiEyzCvG07Z44UYdLShWUyXt5M/yhz8ekcb1A==}
    engines: {node: '>=8'}
    dev: false

  /signal-exit@3.0.7:
    resolution: {integrity: sha512-wnD2ZE+l+SPC/uoS0vXeE9L1+0wuaMqKlfz9AMUo38JsyLSBWSFcHR1Rri62LZc12vLr1gb3jl7iwQhgwpAbGQ==}
    dev: false

  /slice-ansi@4.0.0:
    resolution: {integrity: sha512-qMCMfhY040cVHT43K9BFygqYbUPFZKHOg7K73mtTWJRb8pyP3fzf4Ixd5SzdEJQ6MRUg/WBnOLxghZtKKurENQ==}
    engines: {node: '>=10'}
    dependencies:
      ansi-styles: 4.3.0
      astral-regex: 2.0.0
      is-fullwidth-code-point: 3.0.0
    dev: false

  /solidity-comments-extractor@0.0.7:
    resolution: {integrity: sha512-wciNMLg/Irp8OKGrh3S2tfvZiZ0NEyILfcRCXCD4mp7SgK/i9gzLfhY2hY7VMCQJ3kH9UB9BzNdibIVMchzyYw==}
    dev: false

  /string-width@4.2.3:
    resolution: {integrity: sha512-wKyQRQpjJ0sIp62ErSZdGsjMJWsap5oRNihHhu6G7JVO/9jIB6UyevL+tXuOqrng8j/cxKTWyWUwvSTriiZz/g==}
    engines: {node: '>=8'}
    dependencies:
      emoji-regex: 8.0.0
      is-fullwidth-code-point: 3.0.0
      strip-ansi: 6.0.1
    dev: false

  /strip-ansi@6.0.1:
    resolution: {integrity: sha512-Y38VPSHcqkFrCpFnQ9vuSXmquuv5oXOKpGeT6aGrr3o3Gc9AlVa6JBfUSOCnbxGGZF+/0ooI7KrPuUSztUdU5A==}
    engines: {node: '>=8'}
    dependencies:
      ansi-regex: 5.0.1
    dev: false

  /strip-ansi@7.1.0:
    resolution: {integrity: sha512-iq6eVVI64nQQTRYq2KtEg2d2uU7LElhTJwsH4YzIHZshxlgZms/wIc4VoDQTlG/IvVIrBKG06CrZnp0qv7hkcQ==}
    engines: {node: '>=12'}
    dependencies:
      ansi-regex: 6.0.1
    dev: false

  /strip-final-newline@3.0.0:
    resolution: {integrity: sha512-dOESqjYr96iWYylGObzd39EuNTa5VJxyvVAEm5Jnh7KGo75V43Hk1odPQkNDyXNmUR6k+gEiDVXnjB8HJ3crXw==}
    engines: {node: '>=12'}
    dev: false

  /table@6.8.1:
    resolution: {integrity: sha512-Y4X9zqrCftUhMeH2EptSSERdVKt/nEdijTOacGD/97EKjhQ/Qs8RTlEGABSJNNN8lac9kheH+af7yAkEWlgneA==}
    engines: {node: '>=10.0.0'}
    dependencies:
      ajv: 8.12.0
      lodash.truncate: 4.4.2
      slice-ansi: 4.0.0
      string-width: 4.2.3
      strip-ansi: 6.0.1
    dev: false

  /uri-js@4.4.1:
    resolution: {integrity: sha512-7rKUyy33Q1yc98pQ1DAmLtwX109F7TIfWlW1Ydo8Wl1ii1SeHieeh0HHfPeL2fMXK6z0s8ecKs9frCuLJvndBg==}
    dependencies:
      punycode: 2.3.0
    dev: false

  /viem@1.6.0(zod@3.22.2):
    resolution: {integrity: sha512-ae9Twkd0q2Qlj4yYpWjb4DzYAhKY0ibEpRH8FJaTywZXNpTjFidSdBaT0CVn1BaH7O7cnX4/O47zvDUMGJD1AA==}
    peerDependencies:
      typescript: '>=5.0.4'
    peerDependenciesMeta:
      typescript:
        optional: true
    dependencies:
      '@adraffy/ens-normalize': 1.9.0
      '@noble/curves': 1.1.0
      '@noble/hashes': 1.3.0
      '@scure/bip32': 1.3.0
      '@scure/bip39': 1.2.0
      '@types/ws': 8.5.5
      '@wagmi/chains': 1.6.0
      abitype: 0.9.3(zod@3.22.2)
      isomorphic-ws: 5.0.0(ws@8.12.0)
      ws: 8.12.0
    transitivePeerDependencies:
      - bufferutil
      - utf-8-validate
      - zod
    dev: false

  /which@2.0.2:
    resolution: {integrity: sha512-BLI3Tl1TW3Pvl70l3yq3Y64i+awpwXqsGBYWkkqMtnbXgrMD+yj7rhW0kuEDxzJaYXGjEW5ogapKNMEKNMjibA==}
    engines: {node: '>= 8'}
    hasBin: true
    dependencies:
      isexe: 2.0.0
    dev: false

  /wrap-ansi@7.0.0:
    resolution: {integrity: sha512-YVGIj2kamLSTxw6NsZjoBxfSwsn0ycdesmc4p+Q21c5zPuZ1pl+NfxVdxPtdHvmNVOQ6XSYG4AUtyt/Fi7D16Q==}
    engines: {node: '>=10'}
    dependencies:
      ansi-styles: 4.3.0
      string-width: 4.2.3
      strip-ansi: 6.0.1
    dev: false

  /ws@7.4.6:
    resolution: {integrity: sha512-YmhHDO4MzaDLB+M9ym/mDA5z0naX8j7SIlT8f8z+I0VtzsRbekxEutHSme7NPS2qE8StCYQNUnfWdXta/Yu85A==}
    engines: {node: '>=8.3.0'}
    peerDependencies:
      bufferutil: ^4.0.1
      utf-8-validate: ^5.0.2
    peerDependenciesMeta:
      bufferutil:
        optional: true
      utf-8-validate:
        optional: true
    dev: false

  /ws@8.12.0:
    resolution: {integrity: sha512-kU62emKIdKVeEIOIKVegvqpXMSTAMLJozpHZaJNDYqBjzlSYXQGviYwN1osDLJ9av68qHd4a2oSjd7yD4pacig==}
    engines: {node: '>=10.0.0'}
    peerDependencies:
      bufferutil: ^4.0.1
      utf-8-validate: '>=5.0.2'
    peerDependenciesMeta:
      bufferutil:
        optional: true
      utf-8-validate:
        optional: true
    dev: false

  /y18n@5.0.8:
    resolution: {integrity: sha512-0pfFzegeDWJHJIAmTLRP2DwHjdF5s7jo9tuztdQxAhINCdvS+3nGINqPd00AphqJR/0LhANUS6/+7SCb98YOfA==}
    engines: {node: '>=10'}
    dev: false

  /yallist@4.0.0:
    resolution: {integrity: sha512-3wdGidZyq5PB084XLES5TpOSRA3wjXAlIWMhum2kRcv/41Sn2emQ0dycQW4uZXLejwKvg6EsvbdlVL+FYEct7A==}
    dev: false

  /yargs-parser@21.1.1:
    resolution: {integrity: sha512-tVpsJW7DdjecAiFpbIB1e3qxIQsE6NoPc5/eTdrbbIC4h0LVsWhnoa3g+m2HclBIujHzsxZ4VJVA+GUuc2/LBw==}
    engines: {node: '>=12'}
    dev: false

  /yargs@17.7.2:
    resolution: {integrity: sha512-7dSzzRQ++CKnNI/krKnYRV7JKKPUXMEh61soaHKg9mrWEhzFWhFnxPxGl+69cD1Ou63C13NUPCnmIcrvqCuM6w==}
    engines: {node: '>=12'}
    dependencies:
      cliui: 8.0.1
      escalade: 3.1.1
      get-caller-file: 2.0.5
      require-directory: 2.1.1
      string-width: 4.2.3
      y18n: 5.0.8
      yargs-parser: 21.1.1
    dev: false

  /yocto-queue@1.0.0:
    resolution: {integrity: sha512-9bnSc/HEW2uRy67wc+T8UwauLuPJVn28jb+GtJY16iiKWyvmYJRXVT4UamsAEGQfPohgr2q4Tq0sQbQlxTfi1g==}
    engines: {node: '>=12.20'}
    dev: false

  /zod-validation-error@1.5.0(zod@3.22.2):
    resolution: {integrity: sha512-/7eFkAI4qV0tcxMBB/3+d2c1P6jzzZYdYSlBuAklzMuCrJu5bzJfHS0yVAS87dRHVlhftd6RFJDIvv03JgkSbw==}
    engines: {node: '>=16.0.0'}
    peerDependencies:
      zod: ^3.18.0
    dependencies:
      zod: 3.22.2
    dev: false

  /zod@3.22.2:
    resolution: {integrity: sha512-wvWkphh5WQsJbVk1tbx1l1Ly4yg+XecD+Mq280uBGt9wa5BKSWf4Mhp6GmrkPixhMxmabYY7RbzlwVP32pbGCg==}
    dev: false
